
Microsoft Visual Studio Solution File, Format Version 12.00
# Visual Studio 15
VisualStudioVersion = 15.0.28307.271
MinimumVisualStudioVersion = 10.0.40219.1
Project("{9A19103F-16F7-4668-BE54-9A1E7A4F7556}") = "catmash", "catmash.csproj", "{619847BD-CC96-476E-B336-C138DE5AFF5D}"
EndProject
Global
	GlobalSection(SolutionConfigurationPlatforms) = preSolution
		Debug|Any CPU = Debug|Any CPU
		Release|Any CPU = Release|Any CPU
	EndGlobalSection
	GlobalSection(ProjectConfigurationPlatforms) = postSolution
		{619847BD-CC96-476E-B336-C138DE5AFF5D}.Debug|Any CPU.ActiveCfg = Debug|Any CPU
		{619847BD-CC96-476E-B336-C138DE5AFF5D}.Debug|Any CPU.Build.0 = Debug|Any CPU
		{619847BD-CC96-476E-B336-C138DE5AFF5D}.Release|Any CPU.ActiveCfg = Release|Any CPU
		{619847BD-CC96-476E-B336-C138DE5AFF5D}.Release|Any CPU.Build.0 = Release|Any CPU
	EndGlobalSection
	GlobalSection(SolutionProperties) = preSolution
		HideSolutionNode = FALSE
	EndGlobalSection
	GlobalSection(ExtensibilityGlobals) = postSolution
		SolutionGuid = {0CCD80E5-7544-4F95-8117-CAFB83400B3B}
	EndGlobalSection
EndGlobal
